
Microsoft Visual Studio Solution File, Format Version 12.00
# Visual Studio Version 17
VisualStudioVersion = 17.6.33717.318
MinimumVisualStudioVersion = 10.0.40219.1
Project("{9A19103F-16F7-4668-BE54-9A1E7A4F7556}") = "SqlOrganize", "SqlOrganize\SqlOrganize.csproj", "{BE55E9BA-43C0-4BB9-AA65-D029F8A9DFD0}"
EndProject
Project("{9A19103F-16F7-4668-BE54-9A1E7A4F7556}") = "SqlOrganizeSs", "SqlOrganizeSs\SqlOrganizeSs.csproj", "{09DBA5EA-B77D-4DA5-9BD6-700C22B125F1}"
EndProject
Project("{9A19103F-16F7-4668-BE54-9A1E7A4F7556}") = "SqlOrganizeMy", "SqlOrganizeMy\SqlOrganizeMy.csproj", "{DC434C76-3174-4E33-BA06-7D8F6C589540}"
EndProject
Project("{9A19103F-16F7-4668-BE54-9A1E7A4F7556}") = "Utils", "Utils\Utils.csproj", "{F4FCBA51-1E96-4341-BE2D-6144E373E28A}"
EndProject
Project("{9A19103F-16F7-4668-BE54-9A1E7A4F7556}") = "ModelOrganizeMy", "ModelOrganizeMy\ModelOrganizeMy.csproj", "{7AF1D068-38E4-4390-A1B7-A19531E9C43D}"
EndProject
Project("{9A19103F-16F7-4668-BE54-9A1E7A4F7556}") = "ModelOrganize", "ModelOrganize\ModelOrganize.csproj", "{AB18FB95-C8A9-456F-806A-6691622523C5}"
EndProject
Project("{9A19103F-16F7-4668-BE54-9A1E7A4F7556}") = "ModelOrganizeSs", "ModelOrganizeSs\ModelOrganizeSs.csproj", "{DD32FFA9-AAF7-4F6C-BEFF-752F40A4308D}"
EndProject
Project("{9A19103F-16F7-4668-BE54-9A1E7A4F7556}") = "ConsoleBuildSchemaMy", "ConsoleBuildSchemaMy\ConsoleBuildSchemaMy.csproj", "{4496119D-FC51-4D28-A95B-BFFD316F067A}"
EndProject
Project("{9A19103F-16F7-4668-BE54-9A1E7A4F7556}") = "ConsoleBuildSchemaSs", "ConsoleBuildSchemaSs\ConsoleBuildSchemaSs.csproj", "{0AB2A807-6220-4617-9E9E-12D2ED082260}"
EndProject
Project("{9A19103F-16F7-4668-BE54-9A1E7A4F7556}") = "ConsoleSqlOrganizeSs", "ConsoleSqlOrganizeSs\ConsoleSqlOrganizeSs.csproj", "{9ADA5A77-6E40-4317-9E0C-50D123CF3328}"
EndProject
Project("{9A19103F-16F7-4668-BE54-9A1E7A4F7556}") = "WinFormsAppSs", "WinFormsAppSs\WinFormsAppSs.csproj", "{9E2C060A-D1BA-4DB6-80C1-FB6DF81532AE}"
EndProject
Project("{9A19103F-16F7-4668-BE54-9A1E7A4F7556}") = "ConsoleSqlOrganizeMy", "ConsoleSqlOrganizeMy\ConsoleSqlOrganizeMy.csproj", "{DC04B61A-B876-41BC-AD23-46FE671E2E91}"
EndProject
Project("{9A19103F-16F7-4668-BE54-9A1E7A4F7556}") = "WinFormsAppMy", "WinFormsAppMy\WinFormsAppMy.csproj", "{C440872D-026F-41E7-8472-AF5657F66CF5}"
EndProject
Project("{9A19103F-16F7-4668-BE54-9A1E7A4F7556}") = "WpfAppMy", "WpfAppMy\WpfAppMy.csproj", "{ED0F1F4E-A552-42AA-B18A-9A528EAC4217}"
EndProject
Global
	GlobalSection(SolutionConfigurationPlatforms) = preSolution
		Debug|Any CPU = Debug|Any CPU
		Release|Any CPU = Release|Any CPU
	EndGlobalSection
	GlobalSection(ProjectConfigurationPlatforms) = postSolution
		{BE55E9BA-43C0-4BB9-AA65-D029F8A9DFD0}.Debug|Any CPU.ActiveCfg = Debug|Any CPU
		{BE55E9BA-43C0-4BB9-AA65-D029F8A9DFD0}.Debug|Any CPU.Build.0 = Debug|Any CPU
		{BE55E9BA-43C0-4BB9-AA65-D029F8A9DFD0}.Release|Any CPU.ActiveCfg = Release|Any CPU
		{BE55E9BA-43C0-4BB9-AA65-D029F8A9DFD0}.Release|Any CPU.Build.0 = Release|Any CPU
		{09DBA5EA-B77D-4DA5-9BD6-700C22B125F1}.Debug|Any CPU.ActiveCfg = Debug|Any CPU
		{09DBA5EA-B77D-4DA5-9BD6-700C22B125F1}.Debug|Any CPU.Build.0 = Debug|Any CPU
		{09DBA5EA-B77D-4DA5-9BD6-700C22B125F1}.Release|Any CPU.ActiveCfg = Release|Any CPU
		{09DBA5EA-B77D-4DA5-9BD6-700C22B125F1}.Release|Any CPU.Build.0 = Release|Any CPU
		{DC434C76-3174-4E33-BA06-7D8F6C589540}.Debug|Any CPU.ActiveCfg = Debug|Any CPU
		{DC434C76-3174-4E33-BA06-7D8F6C589540}.Debug|Any CPU.Build.0 = Debug|Any CPU
		{DC434C76-3174-4E33-BA06-7D8F6C589540}.Release|Any CPU.ActiveCfg = Release|Any CPU
		{DC434C76-3174-4E33-BA06-7D8F6C589540}.Release|Any CPU.Build.0 = Release|Any CPU
		{F4FCBA51-1E96-4341-BE2D-6144E373E28A}.Debug|Any CPU.ActiveCfg = Debug|Any CPU
		{F4FCBA51-1E96-4341-BE2D-6144E373E28A}.Debug|Any CPU.Build.0 = Debug|Any CPU
		{F4FCBA51-1E96-4341-BE2D-6144E373E28A}.Release|Any CPU.ActiveCfg = Release|Any CPU
		{F4FCBA51-1E96-4341-BE2D-6144E373E28A}.Release|Any CPU.Build.0 = Release|Any CPU
		{7AF1D068-38E4-4390-A1B7-A19531E9C43D}.Debug|Any CPU.ActiveCfg = Debug|Any CPU
		{7AF1D068-38E4-4390-A1B7-A19531E9C43D}.Debug|Any CPU.Build.0 = Debug|Any CPU
		{7AF1D068-38E4-4390-A1B7-A19531E9C43D}.Release|Any CPU.ActiveCfg = Release|Any CPU
		{7AF1D068-38E4-4390-A1B7-A19531E9C43D}.Release|Any CPU.Build.0 = Release|Any CPU
		{AB18FB95-C8A9-456F-806A-6691622523C5}.Debug|Any CPU.ActiveCfg = Debug|Any CPU
		{AB18FB95-C8A9-456F-806A-6691622523C5}.Debug|Any CPU.Build.0 = Debug|Any CPU
		{AB18FB95-C8A9-456F-806A-6691622523C5}.Release|Any CPU.ActiveCfg = Release|Any CPU
		{AB18FB95-C8A9-456F-806A-6691622523C5}.Release|Any CPU.Build.0 = Release|Any CPU
		{DD32FFA9-AAF7-4F6C-BEFF-752F40A4308D}.Debug|Any CPU.ActiveCfg = Debug|Any CPU
		{DD32FFA9-AAF7-4F6C-BEFF-752F40A4308D}.Debug|Any CPU.Build.0 = Debug|Any CPU
		{DD32FFA9-AAF7-4F6C-BEFF-752F40A4308D}.Release|Any CPU.ActiveCfg = Release|Any CPU
		{DD32FFA9-AAF7-4F6C-BEFF-752F40A4308D}.Release|Any CPU.Build.0 = Release|Any CPU
		{4496119D-FC51-4D28-A95B-BFFD316F067A}.Debug|Any CPU.ActiveCfg = Debug|Any CPU
		{4496119D-FC51-4D28-A95B-BFFD316F067A}.Debug|Any CPU.Build.0 = Debug|Any CPU
		{4496119D-FC51-4D28-A95B-BFFD316F067A}.Release|Any CPU.ActiveCfg = Release|Any CPU
		{4496119D-FC51-4D28-A95B-BFFD316F067A}.Release|Any CPU.Build.0 = Release|Any CPU
		{0AB2A807-6220-4617-9E9E-12D2ED082260}.Debug|Any CPU.ActiveCfg = Debug|Any CPU
		{0AB2A807-6220-4617-9E9E-12D2ED082260}.Debug|Any CPU.Build.0 = Debug|Any CPU
		{0AB2A807-6220-4617-9E9E-12D2ED082260}.Release|Any CPU.ActiveCfg = Release|Any CPU
		{0AB2A807-6220-4617-9E9E-12D2ED082260}.Release|Any CPU.Build.0 = Release|Any CPU
		{9ADA5A77-6E40-4317-9E0C-50D123CF3328}.Debug|Any CPU.ActiveCfg = Debug|Any CPU
		{9ADA5A77-6E40-4317-9E0C-50D123CF3328}.Debug|Any CPU.Build.0 = Debug|Any CPU
		{9ADA5A77-6E40-4317-9E0C-50D123CF3328}.Release|Any CPU.ActiveCfg = Release|Any CPU
		{9ADA5A77-6E40-4317-9E0C-50D123CF3328}.Release|Any CPU.Build.0 = Release|Any CPU
		{9E2C060A-D1BA-4DB6-80C1-FB6DF81532AE}.Debug|Any CPU.ActiveCfg = Debug|Any CPU
		{9E2C060A-D1BA-4DB6-80C1-FB6DF81532AE}.Debug|Any CPU.Build.0 = Debug|Any CPU
		{9E2C060A-D1BA-4DB6-80C1-FB6DF81532AE}.Release|Any CPU.ActiveCfg = Release|Any CPU
		{9E2C060A-D1BA-4DB6-80C1-FB6DF81532AE}.Release|Any CPU.Build.0 = Release|Any CPU
		{DC04B61A-B876-41BC-AD23-46FE671E2E91}.Debug|Any CPU.ActiveCfg = Debug|Any CPU
		{DC04B61A-B876-41BC-AD23-46FE671E2E91}.Debug|Any CPU.Build.0 = Debug|Any CPU
		{DC04B61A-B876-41BC-AD23-46FE671E2E91}.Release|Any CPU.ActiveCfg = Release|Any CPU
		{DC04B61A-B876-41BC-AD23-46FE671E2E91}.Release|Any CPU.Build.0 = Release|Any CPU
		{C440872D-026F-41E7-8472-AF5657F66CF5}.Debug|Any CPU.ActiveCfg = Debug|Any CPU
		{C440872D-026F-41E7-8472-AF5657F66CF5}.Debug|Any CPU.Build.0 = Debug|Any CPU
		{C440872D-026F-41E7-8472-AF5657F66CF5}.Release|Any CPU.ActiveCfg = Release|Any CPU
		{C440872D-026F-41E7-8472-AF5657F66CF5}.Release|Any CPU.Build.0 = Release|Any CPU
		{ED0F1F4E-A552-42AA-B18A-9A528EAC4217}.Debug|Any CPU.ActiveCfg = Debug|Any CPU
		{ED0F1F4E-A552-42AA-B18A-9A528EAC4217}.Debug|Any CPU.Build.0 = Debug|Any CPU
		{ED0F1F4E-A552-42AA-B18A-9A528EAC4217}.Release|Any CPU.ActiveCfg = Release|Any CPU
		{ED0F1F4E-A552-42AA-B18A-9A528EAC4217}.Release|Any CPU.Build.0 = Release|Any CPU
	EndGlobalSection
	GlobalSection(SolutionProperties) = preSolution
		HideSolutionNode = FALSE
	EndGlobalSection
	GlobalSection(ExtensibilityGlobals) = postSolution
		SolutionGuid = {DD6DA802-26BB-49ED-B175-11AB6DE3127A}
	EndGlobalSection
EndGlobal
